
Microsoft Visual Studio Solution File, Format Version 12.00
# Visual Studio 14
VisualStudioVersion = 14.0.23107.0
MinimumVisualStudioVersion = 10.0.40219.1
Project("{FAE04EC0-301F-11D3-BF4B-00C04F79EFBC}") = "Fbx", "Fbx\Fbx.csproj", "{07A221AC-5238-4C77-96DE-E792C49D23E1}"
EndProject
Project("{FAE04EC0-301F-11D3-BF4B-00C04F79EFBC}") = "FbxTest", "FbxTest\FbxTest.csproj", "{9E701CF3-BC98-4A9A-911C-9CA73E07FF26}"
EndProject
Global
	GlobalSection(SolutionConfigurationPlatforms) = preSolution
		Debug|Any CPU = Debug|Any CPU
		Release|Any CPU = Release|Any CPU
	EndGlobalSection
	GlobalSection(ProjectConfigurationPlatforms) = postSolution
		{07A221AC-5238-4C77-96DE-E792C49D23E1}.Debug|Any CPU.ActiveCfg = Debug|Any CPU
		{07A221AC-5238-4C77-96DE-E792C49D23E1}.Debug|Any CPU.Build.0 = Debug|Any CPU
		{07A221AC-5238-4C77-96DE-E792C49D23E1}.Release|Any CPU.ActiveCfg = Release|Any CPU
		{07A221AC-5238-4C77-96DE-E792C49D23E1}.Release|Any CPU.Build.0 = Release|Any CPU
		{9E701CF3-BC98-4A9A-911C-9CA73E07FF26}.Debug|Any CPU.ActiveCfg = Debug|Any CPU
		{9E701CF3-BC98-4A9A-911C-9CA73E07FF26}.Debug|Any CPU.Build.0 = Debug|Any CPU
		{9E701CF3-BC98-4A9A-911C-9CA73E07FF26}.Release|Any CPU.ActiveCfg = Release|Any CPU
		{9E701CF3-BC98-4A9A-911C-9CA73E07FF26}.Release|Any CPU.Build.0 = Release|Any CPU
	EndGlobalSection
	GlobalSection(SolutionProperties) = preSolution
		HideSolutionNode = FALSE
	EndGlobalSection
EndGlobal
